
Microsoft Visual Studio Solution File, Format Version 12.00
# Visual Studio Version 17
VisualStudioVersion = 17.2.32616.157
MinimumVisualStudioVersion = 10.0.40219.1
Project("{FAE04EC0-301F-11D3-BF4B-00C04F79EFBC}") = "DesignPatterns", "DesignPatterns.csproj", "{AFAE7E04-2988-444C-8070-0108D45449B0}"
EndProject
Global
	GlobalSection(SolutionConfigurationPlatforms) = preSolution
		Debug|Any CPU = Debug|Any CPU
		Release|Any CPU = Release|Any CPU
	EndGlobalSection
	GlobalSection(ProjectConfigurationPlatforms) = postSolution
		{AFAE7E04-2988-444C-8070-0108D45449B0}.Debug|Any CPU.ActiveCfg = Debug|Any CPU
		{AFAE7E04-2988-444C-8070-0108D45449B0}.Debug|Any CPU.Build.0 = Debug|Any CPU
		{AFAE7E04-2988-444C-8070-0108D45449B0}.Release|Any CPU.ActiveCfg = Release|Any CPU
		{AFAE7E04-2988-444C-8070-0108D45449B0}.Release|Any CPU.Build.0 = Release|Any CPU
	EndGlobalSection
	GlobalSection(SolutionProperties) = preSolution
		HideSolutionNode = FALSE
	EndGlobalSection
	GlobalSection(ExtensibilityGlobals) = postSolution
		SolutionGuid = {CBBDE29E-F8B9-4483-A1CB-0FBB335629FF}
	EndGlobalSection
EndGlobal
